// !$*UTF8*$!
{
	archiveVersion = 1;
	classes = {
	};
	objectVersion = 46;
	objects = {

/* Begin PBXBuildFile section */
		16D3A6841B9CA89E00742389 /* AppDelegate.swift in Sources */ = {isa = PBXBuildFile; fileRef = 16D3A6831B9CA89E00742389 /* AppDelegate.swift */; };
		16D3A6861B9CA89E00742389 /* ViewController.swift in Sources */ = {isa = PBXBuildFile; fileRef = 16D3A6851B9CA89E00742389 /* ViewController.swift */; };
		16D3A6891B9CA89E00742389 /* Main.storyboard in Resources */ = {isa = PBXBuildFile; fileRef = 16D3A6871B9CA89E00742389 /* Main.storyboard */; };
		16D3A68B1B9CA89E00742389 /* Assets.xcassets in Resources */ = {isa = PBXBuildFile; fileRef = 16D3A68A1B9CA89E00742389 /* Assets.xcassets */; };
		16D3A68E1B9CA89E00742389 /* LaunchScreen.storyboard in Resources */ = {isa = PBXBuildFile; fileRef = 16D3A68C1B9CA89E00742389 /* LaunchScreen.storyboard */; };
		16D3A6991B9CA89E00742389 /* SuperCoolTests.swift in Sources */ = {isa = PBXBuildFile; fileRef = 16D3A6981B9CA89E00742389 /* SuperCoolTests.swift */; };
		16D3A6A41B9CA89E00742389 /* SuperCoolUITests.swift in Sources */ = {isa = PBXBuildFile; fileRef = 16D3A6A31B9CA89E00742389 /* SuperCoolUITests.swift */; };
/* End PBXBuildFile section */

/* Begin PBXContainerItemProxy section */
		16D3A6951B9CA89E00742389 /* PBXContainerItemProxy */ = {
			isa = PBXContainerItemProxy;
			containerPortal = 16D3A6781B9CA89E00742389 /* Project object */;
			proxyType = 1;
			remoteGlobalIDString = 16D3A67F1B9CA89E00742389;
			remoteInfo = SuperCool;
		};
		16D3A6A01B9CA89E00742389 /* PBXContainerItemProxy */ = {
			isa = PBXContainerItemProxy;
			containerPortal = 16D3A6781B9CA89E00742389 /* Project object */;
			proxyType = 1;
			remoteGlobalIDString = 16D3A67F1B9CA89E00742389;
			remoteInfo = SuperCool;
		};
/* End PBXContainerItemProxy section */

/* Begin PBXFileReference section */
		16D3A6801B9CA89E00742389 /* SuperCool.app */ = {isa = PBXFileReference; explicitFileType = wrapper.application; includeInIndex = 0; path = SuperCool.app; sourceTree = BUILT_PRODUCTS_DIR; };
		16D3A6831B9CA89E00742389 /* AppDelegate.swift */ = {isa = PBXFileReference; lastKnownFileType = sourcecode.swift; path = AppDelegate.swift; sourceTree = "<group>"; };
		16D3A6851B9CA89E00742389 /* ViewController.swift */ = {isa = PBXFileReference; lastKnownFileType = sourcecode.swift; path = ViewController.swift; sourceTree = "<group>"; };
		16D3A6881B9CA89E00742389 /* Base */ = {isa = PBXFileReference; lastKnownFileType = file.storyboard; name = Base; path = Base.lproj/Main.storyboard; sourceTree = "<group>"; };
		16D3A68A1B9CA89E00742389 /* Assets.xcassets */ = {isa = PBXFileReference; lastKnownFileType = folder.assetcatalog; path = Assets.xcassets; sourceTree = "<group>"; };
		16D3A68D1B9CA89E00742389 /* Base */ = {isa = PBXFileReference; lastKnownFileType = file.storyboard; name = Base; path = Base.lproj/LaunchScreen.storyboard; sourceTree = "<group>"; };
		16D3A68F1B9CA89E00742389 /* Info.plist */ = {isa = PBXFileReference; lastKnownFileType = text.plist.xml; path = Info.plist; sourceTree = "<group>"; };
		16D3A6941B9CA89E00742389 /* SuperCoolTests.xctest */ = {isa = PBXFileReference; explicitFileType = wrapper.cfbundle; includeInIndex = 0; path = SuperCoolTests.xctest; sourceTree = BUILT_PRODUCTS_DIR; };
		16D3A6981B9CA89E00742389 /* SuperCoolTests.swift */ = {isa = PBXFileReference; lastKnownFileType = sourcecode.swift; path = SuperCoolTests.swift; sourceTree = "<group>"; };
		16D3A69A1B9CA89E00742389 /* Info.plist */ = {isa = PBXFileReference; lastKnownFileType = text.plist.xml; path = Info.plist; sourceTree = "<group>"; };
		16D3A69F1B9CA89E00742389 /* SuperCoolUITests.xctest */ = {isa = PBXFileReference; explicitFileType = wrapper.cfbundle; includeInIndex = 0; path = SuperCoolUITests.xctest; sourceTree = BUILT_PRODUCTS_DIR; };
		16D3A6A31B9CA89E00742389 /* SuperCoolUITests.swift */ = {isa = PBXFileReference; lastKnownFileType = sourcecode.swift; path = SuperCoolUITests.swift; sourceTree = "<group>"; };
		16D3A6A51B9CA89E00742389 /* Info.plist */ = {isa = PBXFileReference; lastKnownFileType = text.plist.xml; path = Info.plist; sourceTree = "<group>"; };
/* End PBXFileReference section */

/* Begin PBXFrameworksBuildPhase section */
		16D3A67D1B9CA89E00742389 /* Frameworks */ = {
			isa = PBXFrameworksBuildPhase;
			buildActionMask = 2147483647;
			files = (
			);
			runOnlyForDeploymentPostprocessing = 0;
		};
		16D3A6911B9CA89E00742389 /* Frameworks */ = {
			isa = PBXFrameworksBuildPhase;
			buildActionMask = 2147483647;
			files = (
			);
			runOnlyForDeploymentPostprocessing = 0;
		};
		16D3A69C1B9CA89E00742389 /* Frameworks */ = {
			isa = PBXFrameworksBuildPhase;
			buildActionMask = 2147483647;
			files = (
			);
			runOnlyForDeploymentPostprocessing = 0;
		};
/* End PBXFrameworksBuildPhase section */

/* Begin PBXGroup section */
		16D3A6771B9CA89E00742389 = {
			isa = PBXGroup;
			children = (
				16D3A6821B9CA89E00742389 /* SuperCool */,
				16D3A6971B9CA89E00742389 /* SuperCoolTests */,
				16D3A6A21B9CA89E00742389 /* SuperCoolUITests */,
				16D3A6811B9CA89E00742389 /* Products */,
			);
			sourceTree = "<group>";
		};
		16D3A6811B9CA89E00742389 /* Products */ = {
			isa = PBXGroup;
			children = (
				16D3A6801B9CA89E00742389 /* SuperCool.app */,
				16D3A6941B9CA89E00742389 /* SuperCoolTests.xctest */,
				16D3A69F1B9CA89E00742389 /* SuperCoolUITests.xctest */,
			);
			name = Products;
			sourceTree = "<group>";
		};
		16D3A6821B9CA89E00742389 /* SuperCool */ = {
			isa = PBXGroup;
			children = (
				16D3A6831B9CA89E00742389 /* AppDelegate.swift */,
				16D3A6851B9CA89E00742389 /* ViewController.swift */,
				16D3A6871B9CA89E00742389 /* Main.storyboard */,
				16D3A68A1B9CA89E00742389 /* Assets.xcassets */,
				16D3A68C1B9CA89E00742389 /* LaunchScreen.storyboard */,
				16D3A68F1B9CA89E00742389 /* Info.plist */,
			);
			path = SuperCool;
			sourceTree = "<group>";
		};
		16D3A6971B9CA89E00742389 /* SuperCoolTests */ = {
			isa = PBXGroup;
			children = (
				16D3A6981B9CA89E00742389 /* SuperCoolTests.swift */,
				16D3A69A1B9CA89E00742389 /* Info.plist */,
			);
			path = SuperCoolTests;
			sourceTree = "<group>";
		};
		16D3A6A21B9CA89E00742389 /* SuperCoolUITests */ = {
			isa = PBXGroup;
			children = (
				16D3A6A31B9CA89E00742389 /* SuperCoolUITests.swift */,
				16D3A6A51B9CA89E00742389 /* Info.plist */,
			);
			path = SuperCoolUITests;
			sourceTree = "<group>";
		};
/* End PBXGroup section */

/* Begin PBXNativeTarget section */
		16D3A67F1B9CA89E00742389 /* SuperCool */ = {
			isa = PBXNativeTarget;
			buildConfigurationList = 16D3A6A81B9CA89E00742389 /* Build configuration list for PBXNativeTarget "SuperCool" */;
			buildPhases = (
				16D3A67C1B9CA89E00742389 /* Sources */,
				16D3A67D1B9CA89E00742389 /* Frameworks */,
				16D3A67E1B9CA89E00742389 /* Resources */,
			);
			buildRules = (
			);
			dependencies = (
			);
			name = SuperCool;
			productName = SuperCool;
			productReference = 16D3A6801B9CA89E00742389 /* SuperCool.app */;
			productType = "com.apple.product-type.application";
		};
		16D3A6931B9CA89E00742389 /* SuperCoolTests */ = {
			isa = PBXNativeTarget;
			buildConfigurationList = 16D3A6AB1B9CA89E00742389 /* Build configuration list for PBXNativeTarget "SuperCoolTests" */;
			buildPhases = (
				16D3A6901B9CA89E00742389 /* Sources */,
				16D3A6911B9CA89E00742389 /* Frameworks */,
				16D3A6921B9CA89E00742389 /* Resources */,
			);
			buildRules = (
			);
			dependencies = (
				16D3A6961B9CA89E00742389 /* PBXTargetDependency */,
			);
			name = SuperCoolTests;
			productName = SuperCoolTests;
			productReference = 16D3A6941B9CA89E00742389 /* SuperCoolTests.xctest */;
			productType = "com.apple.product-type.bundle.unit-test";
		};
		16D3A69E1B9CA89E00742389 /* SuperCoolUITests */ = {
			isa = PBXNativeTarget;
			buildConfigurationList = 16D3A6AE1B9CA89E00742389 /* Build configuration list for PBXNativeTarget "SuperCoolUITests" */;
			buildPhases = (
				16D3A69B1B9CA89E00742389 /* Sources */,
				16D3A69C1B9CA89E00742389 /* Frameworks */,
				16D3A69D1B9CA89E00742389 /* Resources */,
			);
			buildRules = (
			);
			dependencies = (
				16D3A6A11B9CA89E00742389 /* PBXTargetDependency */,
			);
			name = SuperCoolUITests;
			productName = SuperCoolUITests;
			productReference = 16D3A69F1B9CA89E00742389 /* SuperCoolUITests.xctest */;
			productType = "com.apple.product-type.bundle.ui-testing";
		};
/* End PBXNativeTarget section */

/* Begin PBXProject section */
		16D3A6781B9CA89E00742389 /* Project object */ = {
			isa = PBXProject;
			attributes = {
				LastUpgradeCheck = 0700;
				ORGANIZATIONNAME = TaYmuR;
				TargetAttributes = {
					16D3A67F1B9CA89E00742389 = {
						CreatedOnToolsVersion = 7.0;
					};
					16D3A6931B9CA89E00742389 = {
						CreatedOnToolsVersion = 7.0;
						TestTargetID = 16D3A67F1B9CA89E00742389;
					};
					16D3A69E1B9CA89E00742389 = {
						CreatedOnToolsVersion = 7.0;
						TestTargetID = 16D3A67F1B9CA89E00742389;
					};
				};
			};
			buildConfigurationList = 16D3A67B1B9CA89E00742389 /* Build configuration list for PBXProject "SuperCool" */;
			compatibilityVersion = "Xcode 3.2";
			developmentRegion = English;
			hasScannedForEncodings = 0;
			knownRegions = (
				en,
				Base,
			);
			mainGroup = 16D3A6771B9CA89E00742389;
			productRefGroup = 16D3A6811B9CA89E00742389 /* Products */;
			projectDirPath = "";
			projectRoot = "";
			targets = (
				16D3A67F1B9CA89E00742389 /* SuperCool */,
				16D3A6931B9CA89E00742389 /* SuperCoolTests */,
				16D3A69E1B9CA89E00742389 /* SuperCoolUITests */,
			);
		};
/* End PBXProject section */

/* Begin PBXResourcesBuildPhase section */
		16D3A67E1B9CA89E00742389 /* Resources */ = {
			isa = PBXResourcesBuildPhase;
			buildActionMask = 2147483647;
			files = (
				16D3A68E1B9CA89E00742389 /* LaunchScreen.storyboard in Resources */,
				16D3A68B1B9CA89E00742389 /* Assets.xcassets in Resources */,
				16D3A6891B9CA89E00742389 /* Main.storyboard in Resources */,
			);
			runOnlyForDeploymentPostprocessing = 0;
		};
		16D3A6921B9CA89E00742389 /* Resources */ = {
			isa = PBXResourcesBuildPhase;
			buildActionMask = 2147483647;
			files = (
			);
			runOnlyForDeploymentPostprocessing = 0;
		};
		16D3A69D1B9CA89E00742389 /* Resources */ = {
			isa = PBXResourcesBuildPhase;
			buildActionMask = 2147483647;
			files = (
			);
			runOnlyForDeploymentPostprocessing = 0;
		};
/* End PBXResourcesBuildPhase section */

/* Begin PBXSourcesBuildPhase section */
		16D3A67C1B9CA89E00742389 /* Sources */ = {
			isa = PBXSourcesBuildPhase;
			buildActionMask = 2147483647;
			files = (
				16D3A6861B9CA89E00742389 /* ViewController.swift in Sources */,
				16D3A6841B9CA89E00742389 /* AppDelegate.swift in Sources */,
			);
			runOnlyForDeploymentPostprocessing = 0;
		};
		16D3A6901B9CA89E00742389 /* Sources */ = {
			isa = PBXSourcesBuildPhase;
			buildActionMask = 2147483647;
			files = (
				16D3A6991B9CA89E00742389 /* SuperCoolTests.swift in Sources */,
			);
			runOnlyForDeploymentPostprocessing = 0;
		};
		16D3A69B1B9CA89E00742389 /* Sources */ = {
			isa = PBXSourcesBuildPhase;
			buildActionMask = 2147483647;
			files = (
				16D3A6A41B9CA89E00742389 /* SuperCoolUITests.swift in Sources */,
			);
			runOnlyForDeploymentPostprocessing = 0;
		};
/* End PBXSourcesBuildPhase section */

/* Begin PBXTargetDependency section */
		16D3A6961B9CA89E00742389 /* PBXTargetDependency */ = {
			isa = PBXTargetDependency;
			target = 16D3A67F1B9CA89E00742389 /* SuperCool */;
			targetProxy = 16D3A6951B9CA89E00742389 /* PBXContainerItemProxy */;
		};
		16D3A6A11B9CA89E00742389 /* PBXTargetDependency */ = {
			isa = PBXTargetDependency;
			target = 16D3A67F1B9CA89E00742389 /* SuperCool */;
			targetProxy = 16D3A6A01B9CA89E00742389 /* PBXContainerItemProxy */;
		};
/* End PBXTargetDependency section */

/* Begin PBXVariantGroup section */
		16D3A6871B9CA89E00742389 /* Main.storyboard */ = {
			isa = PBXVariantGroup;
			children = (
				16D3A6881B9CA89E00742389 /* Base */,
			);
			name = Main.storyboard;
			sourceTree = "<group>";
		};
		16D3A68C1B9CA89E00742389 /* LaunchScreen.storyboard */ = {
			isa = PBXVariantGroup;
			children = (
				16D3A68D1B9CA89E00742389 /* Base */,
			);
			name = LaunchScreen.storyboard;
			sourceTree = "<group>";
		};
/* End PBXVariantGroup section */

/* Begin XCBuildConfiguration section */
		16D3A6A61B9CA89E00742389 /* Debug */ = {
			isa = XCBuildConfiguration;
			buildSettings = {
				ALWAYS_SEARCH_USER_PATHS = NO;
				CLANG_CXX_LANGUAGE_STANDARD = "gnu++0x";
				CLANG_CXX_LIBRARY = "libc++";
				CLANG_ENABLE_MODULES = YES;
				CLANG_ENABLE_OBJC_ARC = YES;
				CLANG_WARN_BOOL_CONVERSION = YES;
				CLANG_WARN_CONSTANT_CONVERSION = YES;
				CLANG_WARN_DIRECT_OBJC_ISA_USAGE = YES_ERROR;
				CLANG_WARN_EMPTY_BODY = YES;
				CLANG_WARN_ENUM_CONVERSION = YES;
				CLANG_WARN_INT_CONVERSION = YES;
				CLANG_WARN_OBJC_ROOT_CLASS = YES_ERROR;
				CLANG_WARN_UNREACHABLE_CODE = YES;
				CLANG_WARN__DUPLICATE_METHOD_MATCH = YES;
				"CODE_SIGN_IDENTITY[sdk=iphoneos*]" = "iPhone Developer";
				COPY_PHASE_STRIP = NO;
				DEBUG_INFORMATION_FORMAT = dwarf;
				ENABLE_STRICT_OBJC_MSGSEND = YES;
				ENABLE_TESTABILITY = YES;
				GCC_C_LANGUAGE_STANDARD = gnu99;
				GCC_DYNAMIC_NO_PIC = NO;
				GCC_NO_COMMON_BLOCKS = YES;
				GCC_OPTIMIZATION_LEVEL = 0;
				GCC_PREPROCESSOR_DEFINITIONS = (
					"DEBUG=1",
					"$(inherited)",
				);
				GCC_WARN_64_TO_32_BIT_CONVERSION = YES;
				GCC_WARN_ABOUT_RETURN_TYPE = YES_ERROR;
				GCC_WARN_UNDECLARED_SELECTOR = YES;
				GCC_WARN_UNINITIALIZED_AUTOS = YES_AGGRESSIVE;
				GCC_WARN_UNUSED_FUNCTION = YES;
				GCC_WARN_UNUSED_VARIABLE = YES;
				IPHONEOS_DEPLOYMENT_TARGET = 9.0;
				MTL_ENABLE_DEBUG_INFO = YES;
				ONLY_ACTIVE_ARCH = YES;
				SDKROOT = iphoneos;
				SWIFT_OPTIMIZATION_LEVEL = "-Onone";
			};
			name = Debug;
		};
		16D3A6A71B9CA89E00742389 /* Release */ = {
			isa = XCBuildConfiguration;
			buildSettings = {
				ALWAYS_SEARCH_USER_PATHS = NO;
				CLANG_CXX_LANGUAGE_STANDARD = "gnu++0x";
				CLANG_CXX_LIBRARY = "libc++";
				CLANG_ENABLE_MODULES = YES;
				CLANG_ENABLE_OBJC_ARC = YES;
				CLANG_WARN_BOOL_CONVERSION = YES;
				CLANG_WARN_CONSTANT_CONVERSION = YES;
				CLANG_WARN_DIRECT_OBJC_ISA_USAGE = YES_ERROR;
				CLANG_WARN_EMPTY_BODY = YES;
				CLANG_WARN_ENUM_CONVERSION = YES;
				CLANG_WARN_INT_CONVERSION = YES;
				CLANG_WARN_OBJC_ROOT_CLASS = YES_ERROR;
				CLANG_WARN_UNREACHABLE_CODE = YES;
				CLANG_WARN__DUPLICATE_METHOD_MATCH = YES;
				"CODE_SIGN_IDENTITY[sdk=iphoneos*]" = "iPhone Developer";
				COPY_PHASE_STRIP = NO;
				DEBUG_INFORMATION_FORMAT = "dwarf-with-dsym";
				ENABLE_NS_ASSERTIONS = NO;
				ENABLE_STRICT_OBJC_MSGSEND = YES;
				GCC_C_LANGUAGE_STANDARD = gnu99;
				GCC_NO_COMMON_BLOCKS = YES;
				GCC_WARN_64_TO_32_BIT_CONVERSION = YES;
				GCC_WARN_ABOUT_RETURN_TYPE = YES_ERROR;
				GCC_WARN_UNDECLARED_SELECTOR = YES;
				GCC_WARN_UNINITIALIZED_AUTOS = YES_AGGRESSIVE;
				GCC_WARN_UNUSED_FUNCTION = YES;
				GCC_WARN_UNUSED_VARIABLE = YES;
				IPHONEOS_DEPLOYMENT_TARGET = 9.0;
				MTL_ENABLE_DEBUG_INFO = NO;
				SDKROOT = iphoneos;
				VALIDATE_PRODUCT = YES;
			};
			name = Release;
		};
		16D3A6A91B9CA89E00742389 /* Debug */ = {
			isa = XCBuildConfiguration;
			buildSettings = {
				ASSETCATALOG_COMPILER_APPICON_NAME = AppIcon;
				INFOPLIST_FILE = SuperCool/Info.plist;
				LD_RUNPATH_SEARCH_PATHS = "$(inherited) @executable_path/Frameworks";
				PRODUCT_BUNDLE_IDENTIFIER = com.TaYmuR.SuperCool;
				PRODUCT_NAME = "$(TARGET_NAME)";
			};
			name = Debug;
		};
		16D3A6AA1B9CA89E00742389 /* Release */ = {
			isa = XCBuildConfiguration;
			buildSettings = {
				ASSETCATALOG_COMPILER_APPICON_NAME = AppIcon;
				INFOPLIST_FILE = SuperCool/Info.plist;
				LD_RUNPATH_SEARCH_PATHS = "$(inherited) @executable_path/Frameworks";
				PRODUCT_BUNDLE_IDENTIFIER = com.TaYmuR.SuperCool;
				PRODUCT_NAME = "$(TARGET_NAME)";
			};
			name = Release;
		};
		16D3A6AC1B9CA89E00742389 /* Debug */ = {
			isa = XCBuildConfiguration;
			buildSettings = {
				BUNDLE_LOADER = "$(TEST_HOST)";
				INFOPLIST_FILE = SuperCoolTests/Info.plist;
				LD_RUNPATH_SEARCH_PATHS = "$(inherited) @executable_path/Frameworks @loader_path/Frameworks";
				PRODUCT_BUNDLE_IDENTIFIER = com.TaYmuR.SuperCoolTests;
				PRODUCT_NAME = "$(TARGET_NAME)";
				TEST_HOST = "$(BUILT_PRODUCTS_DIR)/SuperCool.app/SuperCool";
			};
			name = Debug;
		};
		16D3A6AD1B9CA89E00742389 /* Release */ = {
			isa = XCBuildConfiguration;
			buildSettings = {
				BUNDLE_LOADER = "$(TEST_HOST)";
				INFOPLIST_FILE = SuperCoolTests/Info.plist;
				LD_RUNPATH_SEARCH_PATHS = "$(inherited) @executable_path/Frameworks @loader_path/Frameworks";
				PRODUCT_BUNDLE_IDENTIFIER = com.TaYmuR.SuperCoolTests;
				PRODUCT_NAME = "$(TARGET_NAME)";
				TEST_HOST = "$(BUILT_PRODUCTS_DIR)/SuperCool.app/SuperCool";
			};
			name = Release;
		};
		16D3A6AF1B9CA89E00742389 /* Debug */ = {
			isa = XCBuildConfiguration;
			buildSettings = {
				INFOPLIST_FILE = SuperCoolUITests/Info.plist;
				LD_RUNPATH_SEARCH_PATHS = "$(inherited) @executable_path/Frameworks @loader_path/Frameworks";
				PRODUCT_BUNDLE_IDENTIFIER = com.TaYmuR.SuperCoolUITests;
				PRODUCT_NAME = "$(TARGET_NAME)";
				TEST_TARGET_NAME = SuperCool;
				USES_XCTRUNNER = YES;
			};
			name = Debug;
		};
		16D3A6B01B9CA89E00742389 /* Release */ = {
			isa = XCBuildConfiguration;
			buildSettings = {
				INFOPLIST_FILE = SuperCoolUITests/Info.plist;
				LD_RUNPATH_SEARCH_PATHS = "$(inherited) @executable_path/Frameworks @loader_path/Frameworks";
				PRODUCT_BUNDLE_IDENTIFIER = com.TaYmuR.SuperCoolUITests;
				PRODUCT_NAME = "$(TARGET_NAME)";
				TEST_TARGET_NAME = SuperCool;
				USES_XCTRUNNER = YES;
			};
			name = Release;
		};
/* End XCBuildConfiguration section */

/* Begin XCConfigurationList section */
		16D3A67B1B9CA89E00742389 /* Build configuration list for PBXProject "SuperCool" */ = {
			isa = XCConfigurationList;
			buildConfigurations = (
				16D3A6A61B9CA89E00742389 /* Debug */,
				16D3A6A71B9CA89E00742389 /* Release */,
			);
			defaultConfigurationIsVisible = 0;
			defaultConfigurationName = Release;
		};
		16D3A6A81B9CA89E00742389 /* Build configuration list for PBXNativeTarget "SuperCool" */ = {
			isa = XCConfigurationList;
			buildConfigurations = (
				16D3A6A91B9CA89E00742389 /* Debug */,
				16D3A6AA1B9CA89E00742389 /* Release */,
			);
			defaultConfigurationIsVisible = 0;
		};
		16D3A6AB1B9CA89E00742389 /* Build configuration list for PBXNativeTarget "SuperCoolTests" */ = {
			isa = XCConfigurationList;
			buildConfigurations = (
				16D3A6AC1B9CA89E00742389 /* Debug */,
				16D3A6AD1B9CA89E00742389 /* Release */,
			);
			defaultConfigurationIsVisible = 0;
		};
		16D3A6AE1B9CA89E00742389 /* Build configuration list for PBXNativeTarget "SuperCoolUITests" */ = {
			isa = XCConfigurationList;
			buildConfigurations = (
				16D3A6AF1B9CA89E00742389 /* Debug */,
				16D3A6B01B9CA89E00742389 /* Release */,
			);
			defaultConfigurationIsVisible = 0;
		};
/* End XCConfigurationList section */
	};
	rootObject = 16D3A6781B9CA89E00742389 /* Project object */;
}
